PODS:
  - KeePassKit (0.0.1):
    - KissXML (~> 5.0)
  - KissXML (5.0)
  - Nimble (0.4.2)
  - Quick (0.3.1)

DEPENDENCIES:
  - KeePassKit (from `https://github.com/tanob/KeePassKit.git`)
  - KissXML (from `https://github.com/tanob/KissXML.git`)
  - Nimble
  - Quick

EXTERNAL SOURCES:
  KeePassKit:
    :git: https://github.com/tanob/KeePassKit.git
  KissXML:
    :git: https://github.com/tanob/KissXML.git

CHECKOUT OPTIONS:
  KeePassKit:
    :commit: 8393c4cdbde53ff926e0345039d9a93d04f8bfb5
    :git: https://github.com/tanob/KeePassKit.git
  KissXML:
    :commit: 992796bcd3456d431b0bde2e1d7809a39659a8dd
    :git: https://github.com/tanob/KissXML.git

SPEC CHECKSUMS:
  KeePassKit: f662a8e53ce060360cbf8679424a949731e60319
  KissXML: 1c48397f8ab5c6d12a8aaa8cf4ecba0fac7adc3f
  Nimble: 49b7a7da8919f42823d37c6d68cc6d15a7009f32
  Quick: 824572d3d198d51e52cf4aa722cebf7e59952a35

COCOAPODS: 0.36.4
