PODS:
  - KeePassKit (0.0.1):
    - KissXML (~> 5.0)
  - KissXML (5.0)

DEPENDENCIES:
  - KeePassKit (from `../KeePassKit`)

EXTERNAL SOURCES:
  KeePassKit:
    :path: ../KeePassKit

SPEC CHECKSUMS:
  KeePassKit: 003e2d00d478a4b43e605940ec4dba42185793b1
  KissXML: e537c38b18ede903ee6de45953a9bd86c131ebe9

COCOAPODS: 0.36.0.beta.2
